<?xml version="1.0" encoding="utf-8"?>
<Project ToolsVersion="4.0" xmlns="http://schemas.microsoft.com/developer/msbuild/2003">
  <ItemGroup>
    <Filter Include="cal2D">
      <UniqueIdentifier>{bceb4860-cc00-40d4-a051-c27194b5df7b}</UniqueIdentifier>
    </Filter>
    <Filter Include="cal2D\Header Files">
      <UniqueIdentifier>{93995380-89BD-4b04-88EB-625FBE52EBFB}</UniqueIdentifier>
      <Extensions>h;hpp;hxx;hm;inl;inc;xsd</Extensions>
    </Filter>
    <Filter Include="cal2D\Source Files">
      <UniqueIdentifier>{4FC737F1-C7A5-4376-A066-2A32D752A2FF}</UniqueIdentifier>
      <Extensions>cpp;c;cc;cxx;def;odl;idl;hpj;bat;asm;asmx</Extensions>
    </Filter>
    <Filter Include="cal3D">
      <UniqueIdentifier>{5f8443bd-309d-4bb8-84fd-136f57ae1c7a}</UniqueIdentifier>
    </Filter>
    <Filter Include="cal3D\Header Files">
      <UniqueIdentifier>{716df86d-0baf-4579-8eae-aff111231744}</UniqueIdentifier>
    </Filter>
    <Filter Include="cal3D\Source Files">
      <UniqueIdentifier>{debf991e-11a1-4c55-a063-81f79867a88e}</UniqueIdentifier>
    </Filter>
  </ItemGroup>
  <ItemGroup>
    <ClInclude Include="include\cal2D.h">
      <Filter>cal2D\Header Files</Filter>
    </ClInclude>
    <ClInclude Include="include\cal2DIO.h">
      <Filter>cal2D\Header Files</Filter>
    </ClInclude>
    <ClInclude Include="include\cal2DRun.h">
      <Filter>cal2D\Header Files</Filter>
    </ClInclude>
    <ClInclude Include="include\cal2DUnsafe.h">
      <Filter>cal2D\Header Files</Filter>
    </ClInclude>
    <ClInclude Include="include\calCommon.h" />
    <ClInclude Include="include\cal3DBuffer.h">
      <Filter>cal3D\Header Files</Filter>
    </ClInclude>
    <ClInclude Include="include\cal3DBufferIO.h">
      <Filter>cal3D\Header Files</Filter>
    </ClInclude>
    <ClInclude Include="include\cal3D.h">
      <Filter>cal3D\Header Files</Filter>
    </ClInclude>
    <ClInclude Include="include\cal3DIO.h">
      <Filter>cal3D\Header Files</Filter>
    </ClInclude>
    <ClInclude Include="include\cal2DBuffer.h">
      <Filter>cal2D\Header Files</Filter>
    </ClInclude>
    <ClInclude Include="include\cal2DBufferIO.h">
      <Filter>cal2D\Header Files</Filter>
    </ClInclude>
    <ClInclude Include="include\cal3DRun.h">
      <Filter>cal3D\Header Files</Filter>
    </ClInclude>
    <ClInclude Include="include\cal3DUnsafe.h">
      <Filter>cal3D\Header Files</Filter>
    </ClInclude>
    <ClInclude Include="include\calOmpDef.h" />
  </ItemGroup>
  <ItemGroup>
    <ClCompile Include="source\cal2D.c">
      <Filter>cal2D\Source Files</Filter>
    </ClCompile>
    <ClCompile Include="source\cal2DUnsafe.c">
      <Filter>cal2D\Source Files</Filter>
    </ClCompile>
    <ClCompile Include="source\cal2DRun.c">
      <Filter>cal2D\Source Files</Filter>
    </ClCompile>
    <ClCompile Include="source\cal2DIO.c">
      <Filter>cal2D\Source Files</Filter>
    </ClCompile>
    <ClCompile Include="source\cal3DBuffer.c">
      <Filter>cal3D\Source Files</Filter>
    </ClCompile>
    <ClCompile Include="source\cal3DBufferIO.c">
      <Filter>cal3D\Source Files</Filter>
    </ClCompile>
    <ClCompile Include="source\cal3D.c">
      <Filter>cal3D\Source Files</Filter>
    </ClCompile>
    <ClCompile Include="source\cal3DIO.c">
      <Filter>cal3D\Source Files</Filter>
    </ClCompile>
    <ClCompile Include="source\cal2DBuffer.c">
      <Filter>cal2D\Source Files</Filter>
    </ClCompile>
    <ClCompile Include="source\cal2DBufferIO.c">
      <Filter>cal2D\Source Files</Filter>
    </ClCompile>
    <ClCompile Include="source\cal3DRun.c">
      <Filter>cal3D\Source Files</Filter>
    </ClCompile>
    <ClCompile Include="source\cal3DUnsafe.c">
      <Filter>cal3D\Source Files</Filter>
    </ClCompile>
  </ItemGroup>
</Project>