<?xml version="1.0" encoding="utf-8"?>
<Project ToolsVersion="4.0" xmlns="http://schemas.microsoft.com/developer/msbuild/2003">
  <ItemGroup>
    <Filter Include="Header Files">
      <UniqueIdentifier>{61954ced-569b-43d7-a8cf-aa0ecac259f0}</UniqueIdentifier>
    </Filter>
    <Filter Include="Source Files">
      <UniqueIdentifier>{d2beb66b-07f9-45ed-ac2c-c98751ae6628}</UniqueIdentifier>
    </Filter>
  </ItemGroup>
  <ItemGroup>
    <ClInclude Include="include\GISInfo.h">
      <Filter>Header Files</Filter>
    </ClInclude>
    <ClInclude Include="include\io.h">
      <Filter>Header Files</Filter>
    </ClInclude>
    <ClInclude Include="include\Sciara.h">
      <Filter>Header Files</Filter>
    </ClInclude>
    <ClInclude Include="include\vent.h">
      <Filter>Header Files</Filter>
    </ClInclude>
    <ClInclude Include="include\configurationPathLib.h">
      <Filter>Header Files</Filter>
    </ClInclude>
  </ItemGroup>
  <ItemGroup>
    <ClCompile Include="source\main.cpp">
      <Filter>Source Files</Filter>
    </ClCompile>
    <ClCompile Include="source\Sciara.cpp">
      <Filter>Source Files</Filter>
    </ClCompile>
    <ClCompile Include="source\vent.cpp">
      <Filter>Source Files</Filter>
    </ClCompile>
    <ClCompile Include="source\configurationPathLib.cpp">
      <Filter>Source Files</Filter>
    </ClCompile>
    <ClCompile Include="source\GISInfo.cpp">
      <Filter>Source Files</Filter>
    </ClCompile>
    <ClCompile Include="source\io.cpp">
      <Filter>Source Files</Filter>
    </ClCompile>
  </ItemGroup>
</Project>